
Microsoft Visual Studio Solution File, Format Version 12.00
# Visual Studio Version 17
VisualStudioVersion = 17.10.35013.160
MinimumVisualStudioVersion = 10.0.40219.1
Project("{FAE04EC0-301F-11D3-BF4B-00C04F79EFBC}") = "FinalHerramientas", "FinalHerramientas\FinalHerramientas.csproj", "{5B5CCA53-0C7F-476E-B2E7-282CF7BAC4E9}"
EndProject
Global
	GlobalSection(SolutionConfigurationPlatforms) = preSolution
		Debug|Any CPU = Debug|Any CPU
		Release|Any CPU = Release|Any CPU
	EndGlobalSection
	GlobalSection(ProjectConfigurationPlatforms) = postSolution
		{5B5CCA53-0C7F-476E-B2E7-282CF7BAC4E9}.Debug|Any CPU.ActiveCfg = Debug|Any CPU
		{5B5CCA53-0C7F-476E-B2E7-282CF7BAC4E9}.Debug|Any CPU.Build.0 = Debug|Any CPU
		{5B5CCA53-0C7F-476E-B2E7-282CF7BAC4E9}.Release|Any CPU.ActiveCfg = Release|Any CPU
		{5B5CCA53-0C7F-476E-B2E7-282CF7BAC4E9}.Release|Any CPU.Build.0 = Release|Any CPU
	EndGlobalSection
	GlobalSection(SolutionProperties) = preSolution
		HideSolutionNode = FALSE
	EndGlobalSection
	GlobalSection(ExtensibilityGlobals) = postSolution
		SolutionGuid = {4D969EF6-47E6-478F-9D5B-54D21A88A8A2}
	EndGlobalSection
EndGlobal
